
Microsoft Visual Studio Solution File, Format Version 12.00
# Visual Studio Version 17
VisualStudioVersion = 17.5.33530.505
MinimumVisualStudioVersion = 10.0.40219.1
Project("{9A19103F-16F7-4668-BE54-9A1E7A4F7556}") = "TennisParisBot", "TennisParisBot.csproj", "{A2DF66CA-9E77-441B-BD15-9CC14A4766FF}"
EndProject
Project("{2150E333-8FDC-42A3-9474-1A3956D46DE8}") = "Solution Items", "Solution Items", "{57D96B0B-FF83-4F14-9B1C-8EAA7F9C6F6C}"
	ProjectSection(SolutionItems) = preProject
		.github\workflows\main.yml = .github\workflows\main.yml
	EndProjectSection
EndProject
Global
	GlobalSection(SolutionConfigurationPlatforms) = preSolution
		Debug|Any CPU = Debug|Any CPU
		Release|Any CPU = Release|Any CPU
	EndGlobalSection
	GlobalSection(ProjectConfigurationPlatforms) = postSolution
		{A2DF66CA-9E77-441B-BD15-9CC14A4766FF}.Debug|Any CPU.ActiveCfg = Debug|Any CPU
		{A2DF66CA-9E77-441B-BD15-9CC14A4766FF}.Debug|Any CPU.Build.0 = Debug|Any CPU
		{A2DF66CA-9E77-441B-BD15-9CC14A4766FF}.Release|Any CPU.ActiveCfg = Release|Any CPU
		{A2DF66CA-9E77-441B-BD15-9CC14A4766FF}.Release|Any CPU.Build.0 = Release|Any CPU
	EndGlobalSection
	GlobalSection(SolutionProperties) = preSolution
		HideSolutionNode = FALSE
	EndGlobalSection
	GlobalSection(ExtensibilityGlobals) = postSolution
		SolutionGuid = {8D2E403F-2E6B-4B67-B324-18A0276B3911}
	EndGlobalSection
EndGlobal
